// !$*UTF8*$!
{
	archiveVersion = 1;
	classes = {
	};
	objectVersion = 48;
	objects = {

/* Begin PBXBuildFile section */
		38BC56BC1F868DB7000DE15D /* AppDelegate.swift in Sources */ = {isa = PBXBuildFile; fileRef = 38BC56BB1F868DB7000DE15D /* AppDelegate.swift */; };
		38BC56C11F868DB7000DE15D /* Main.storyboard in Resources */ = {isa = PBXBuildFile; fileRef = 38BC56BF1F868DB7000DE15D /* Main.storyboard */; };
		38BC56C31F868DB7000DE15D /* Assets.xcassets in Resources */ = {isa = PBXBuildFile; fileRef = 38BC56C21F868DB7000DE15D /* Assets.xcassets */; };
		38BC56C61F868DB7000DE15D /* LaunchScreen.storyboard in Resources */ = {isa = PBXBuildFile; fileRef = 38BC56C41F868DB7000DE15D /* LaunchScreen.storyboard */; };
		38BC56D31F869302000DE15D /* Survey.swift in Sources */ = {isa = PBXBuildFile; fileRef = 38BC56D21F869302000DE15D /* Survey.swift */; };
		38BC56D51F869E46000DE15D /* EmojiController.swift in Sources */ = {isa = PBXBuildFile; fileRef = 38BC56D41F869E46000DE15D /* EmojiController.swift */; };
/* End PBXBuildFile section */

/* Begin PBXFileReference section */
		38BC56B81F868DB7000DE15D /* Survey v2.app */ = {isa = PBXFileReference; explicitFileType = wrapper.application; includeInIndex = 0; path = "Survey v2.app"; sourceTree = BUILT_PRODUCTS_DIR; };
		38BC56BB1F868DB7000DE15D /* AppDelegate.swift */ = {isa = PBXFileReference; lastKnownFileType = sourcecode.swift; path = AppDelegate.swift; sourceTree = "<group>"; };
		38BC56C01F868DB7000DE15D /* Base */ = {isa = PBXFileReference; lastKnownFileType = file.storyboard; name = Base; path = Base.lproj/Main.storyboard; sourceTree = "<group>"; };
		38BC56C21F868DB7000DE15D /* Assets.xcassets */ = {isa = PBXFileReference; lastKnownFileType = folder.assetcatalog; path = Assets.xcassets; sourceTree = "<group>"; };
		38BC56C51F868DB7000DE15D /* Base */ = {isa = PBXFileReference; lastKnownFileType = file.storyboard; name = Base; path = Base.lproj/LaunchScreen.storyboard; sourceTree = "<group>"; };
		38BC56C71F868DB7000DE15D /* Info.plist */ = {isa = PBXFileReference; lastKnownFileType = text.plist.xml; path = Info.plist; sourceTree = "<group>"; };
		38BC56D21F869302000DE15D /* Survey.swift */ = {isa = PBXFileReference; lastKnownFileType = sourcecode.swift; path = Survey.swift; sourceTree = "<group>"; };
		38BC56D41F869E46000DE15D /* EmojiController.swift */ = {isa = PBXFileReference; lastKnownFileType = sourcecode.swift; path = EmojiController.swift; sourceTree = "<group>"; };
/* End PBXFileReference section */

/* Begin PBXFrameworksBuildPhase section */
		38BC56B51F868DB7000DE15D /* Frameworks */ = {
			isa = PBXFrameworksBuildPhase;
			buildActionMask = 2147483647;
			files = (
			);
			runOnlyForDeploymentPostprocessing = 0;
		};
/* End PBXFrameworksBuildPhase section */

/* Begin PBXGroup section */
		38BC56AF1F868DB7000DE15D = {
			isa = PBXGroup;
			children = (
				38BC56BA1F868DB7000DE15D /* Survey v2 */,
				38BC56B91F868DB7000DE15D /* Products */,
			);
			sourceTree = "<group>";
		};
		38BC56B91F868DB7000DE15D /* Products */ = {
			isa = PBXGroup;
			children = (
				38BC56B81F868DB7000DE15D /* Survey v2.app */,
			);
			name = Products;
			sourceTree = "<group>";
		};
		38BC56BA1F868DB7000DE15D /* Survey v2 */ = {
			isa = PBXGroup;
			children = (
				38BC56CD1F86925A000DE15D /* Model */,
				38BC56CE1F869266000DE15D /* Model Controller */,
				38BC56D01F869272000DE15D /* ViewController */,
				38BC56CF1F86926E000DE15D /* UI */,
				38BC56D11F869296000DE15D /* Resources */,
				38BC56C71F868DB7000DE15D /* Info.plist */,
			);
			path = "Survey v2";
			sourceTree = "<group>";
		};
		38BC56CD1F86925A000DE15D /* Model */ = {
			isa = PBXGroup;
			children = (
				38BC56D21F869302000DE15D /* Survey.swift */,
				38BC56D41F869E46000DE15D /* EmojiController.swift */,
			);
			path = Model;
			sourceTree = "<group>";
		};
		38BC56CE1F869266000DE15D /* Model Controller */ = {
			isa = PBXGroup;
			children = (
			);
			path = "Model Controller";
			sourceTree = "<group>";
		};
		38BC56CF1F86926E000DE15D /* UI */ = {
			isa = PBXGroup;
			children = (
				38BC56BF1F868DB7000DE15D /* Main.storyboard */,
				38BC56C41F868DB7000DE15D /* LaunchScreen.storyboard */,
			);
			path = UI;
			sourceTree = "<group>";
		};
		38BC56D01F869272000DE15D /* ViewController */ = {
			isa = PBXGroup;
			children = (
			);
			path = ViewController;
			sourceTree = "<group>";
		};
		38BC56D11F869296000DE15D /* Resources */ = {
			isa = PBXGroup;
			children = (
				38BC56C21F868DB7000DE15D /* Assets.xcassets */,
				38BC56BB1F868DB7000DE15D /* AppDelegate.swift */,
			);
			path = Resources;
			sourceTree = "<group>";
		};
/* End PBXGroup section */

/* Begin PBXNativeTarget section */
		38BC56B71F868DB7000DE15D /* Survey v2 */ = {
			isa = PBXNativeTarget;
			buildConfigurationList = 38BC56CA1F868DB7000DE15D /* Build configuration list for PBXNativeTarget "Survey v2" */;
			buildPhases = (
				38BC56B41F868DB7000DE15D /* Sources */,
				38BC56B51F868DB7000DE15D /* Frameworks */,
				38BC56B61F868DB7000DE15D /* Resources */,
			);
			buildRules = (
			);
			dependencies = (
			);
			name = "Survey v2";
			productName = "Survey v2";
			productReference = 38BC56B81F868DB7000DE15D /* Survey v2.app */;
			productType = "com.apple.product-type.application";
		};
/* End PBXNativeTarget section */

/* Begin PBXProject section */
		38BC56B01F868DB7000DE15D /* Project object */ = {
			isa = PBXProject;
			attributes = {
				LastSwiftUpdateCheck = 0900;
				LastUpgradeCheck = 0900;
				ORGANIZATIONNAME = "Hicks Enterprises";
				TargetAttributes = {
					38BC56B71F868DB7000DE15D = {
						CreatedOnToolsVersion = 9.0;
						ProvisioningStyle = Automatic;
					};
				};
			};
			buildConfigurationList = 38BC56B31F868DB7000DE15D /* Build configuration list for PBXProject "Survey v2" */;
			compatibilityVersion = "Xcode 8.0";
			developmentRegion = en;
			hasScannedForEncodings = 0;
			knownRegions = (
				en,
				Base,
			);
			mainGroup = 38BC56AF1F868DB7000DE15D;
			productRefGroup = 38BC56B91F868DB7000DE15D /* Products */;
			projectDirPath = "";
			projectRoot = "";
			targets = (
				38BC56B71F868DB7000DE15D /* Survey v2 */,
			);
		};
/* End PBXProject section */

/* Begin PBXResourcesBuildPhase section */
		38BC56B61F868DB7000DE15D /* Resources */ = {
			isa = PBXResourcesBuildPhase;
			buildActionMask = 2147483647;
			files = (
				38BC56C61F868DB7000DE15D /* LaunchScreen.storyboard in Resources */,
				38BC56C31F868DB7000DE15D /* Assets.xcassets in Resources */,
				38BC56C11F868DB7000DE15D /* Main.storyboard in Resources */,
			);
			runOnlyForDeploymentPostprocessing = 0;
		};
/* End PBXResourcesBuildPhase section */

/* Begin PBXSourcesBuildPhase section */
		38BC56B41F868DB7000DE15D /* Sources */ = {
			isa = PBXSourcesBuildPhase;
			buildActionMask = 2147483647;
			files = (
				38BC56BC1F868DB7000DE15D /* AppDelegate.swift in Sources */,
				38BC56D31F869302000DE15D /* Survey.swift in Sources */,
				38BC56D51F869E46000DE15D /* EmojiController.swift in Sources */,
			);
			runOnlyForDeploymentPostprocessing = 0;
		};
/* End PBXSourcesBuildPhase section */

/* Begin PBXVariantGroup section */
		38BC56BF1F868DB7000DE15D /* Main.storyboard */ = {
			isa = PBXVariantGroup;
			children = (
				38BC56C01F868DB7000DE15D /* Base */,
			);
			name = Main.storyboard;
			sourceTree = "<group>";
		};
		38BC56C41F868DB7000DE15D /* LaunchScreen.storyboard */ = {
			isa = PBXVariantGroup;
			children = (
				38BC56C51F868DB7000DE15D /* Base */,
			);
			name = LaunchScreen.storyboard;
			sourceTree = "<group>";
		};
/* End PBXVariantGroup section */

/* Begin XCBuildConfiguration section */
		38BC56C81F868DB7000DE15D /* Debug */ = {
			isa = XCBuildConfiguration;
			buildSettings = {
				ALWAYS_SEARCH_USER_PATHS = NO;
				CLANG_ANALYZER_NONNULL = YES;
				CLANG_ANALYZER_NUMBER_OBJECT_CONVERSION = YES_AGGRESSIVE;
				CLANG_CXX_LANGUAGE_STANDARD = "gnu++14";
				CLANG_CXX_LIBRARY = "libc++";
				CLANG_ENABLE_MODULES = YES;
				CLANG_ENABLE_OBJC_ARC = YES;
				CLANG_WARN_BLOCK_CAPTURE_AUTORELEASING = YES;
				CLANG_WARN_BOOL_CONVERSION = YES;
				CLANG_WARN_COMMA = YES;
				CLANG_WARN_CONSTANT_CONVERSION = YES;
				CLANG_WARN_DIRECT_OBJC_ISA_USAGE = YES_ERROR;
				CLANG_WARN_DOCUMENTATION_COMMENTS = YES;
				CLANG_WARN_EMPTY_BODY = YES;
				CLANG_WARN_ENUM_CONVERSION = YES;
				CLANG_WARN_INFINITE_RECURSION = YES;
				CLANG_WARN_INT_CONVERSION = YES;
				CLANG_WARN_NON_LITERAL_NULL_CONVERSION = YES;
				CLANG_WARN_OBJC_LITERAL_CONVERSION = YES;
				CLANG_WARN_OBJC_ROOT_CLASS = YES_ERROR;
				CLANG_WARN_RANGE_LOOP_ANALYSIS = YES;
				CLANG_WARN_STRICT_PROTOTYPES = YES;
				CLANG_WARN_SUSPICIOUS_MOVE = YES;
				CLANG_WARN_UNGUARDED_AVAILABILITY = YES_AGGRESSIVE;
				CLANG_WARN_UNREACHABLE_CODE = YES;
				CLANG_WARN__DUPLICATE_METHOD_MATCH = YES;
				CODE_SIGN_IDENTITY = "iPhone Developer";
				COPY_PHASE_STRIP = NO;
				DEBUG_INFORMATION_FORMAT = dwarf;
				ENABLE_STRICT_OBJC_MSGSEND = YES;
				ENABLE_TESTABILITY = YES;
				GCC_C_LANGUAGE_STANDARD = gnu11;
				GCC_DYNAMIC_NO_PIC = NO;
				GCC_NO_COMMON_BLOCKS = YES;
				GCC_OPTIMIZATION_LEVEL = 0;
				GCC_PREPROCESSOR_DEFINITIONS = (
					"DEBUG=1",
					"$(inherited)",
				);
				GCC_WARN_64_TO_32_BIT_CONVERSION = YES;
				GCC_WARN_ABOUT_RETURN_TYPE = YES_ERROR;
				GCC_WARN_UNDECLARED_SELECTOR = YES;
				GCC_WARN_UNINITIALIZED_AUTOS = YES_AGGRESSIVE;
				GCC_WARN_UNUSED_FUNCTION = YES;
				GCC_WARN_UNUSED_VARIABLE = YES;
				IPHONEOS_DEPLOYMENT_TARGET = 11.0;
				MTL_ENABLE_DEBUG_INFO = YES;
				ONLY_ACTIVE_ARCH = YES;
				SDKROOT = iphoneos;
				SWIFT_ACTIVE_COMPILATION_CONDITIONS = DEBUG;
				SWIFT_OPTIMIZATION_LEVEL = "-Onone";
			};
			name = Debug;
		};
		38BC56C91F868DB7000DE15D /* Release */ = {
			isa = XCBuildConfiguration;
			buildSettings = {
				ALWAYS_SEARCH_USER_PATHS = NO;
				CLANG_ANALYZER_NONNULL = YES;
				CLANG_ANALYZER_NUMBER_OBJECT_CONVERSION = YES_AGGRESSIVE;
				CLANG_CXX_LANGUAGE_STANDARD = "gnu++14";
				CLANG_CXX_LIBRARY = "libc++";
				CLANG_ENABLE_MODULES = YES;
				CLANG_ENABLE_OBJC_ARC = YES;
				CLANG_WARN_BLOCK_CAPTURE_AUTORELEASING = YES;
				CLANG_WARN_BOOL_CONVERSION = YES;
				CLANG_WARN_COMMA = YES;
				CLANG_WARN_CONSTANT_CONVERSION = YES;
				CLANG_WARN_DIRECT_OBJC_ISA_USAGE = YES_ERROR;
				CLANG_WARN_DOCUMENTATION_COMMENTS = YES;
				CLANG_WARN_EMPTY_BODY = YES;
				CLANG_WARN_ENUM_CONVERSION = YES;
				CLANG_WARN_INFINITE_RECURSION = YES;
				CLANG_WARN_INT_CONVERSION = YES;
				CLANG_WARN_NON_LITERAL_NULL_CONVERSION = YES;
				CLANG_WARN_OBJC_LITERAL_CONVERSION = YES;
				CLANG_WARN_OBJC_ROOT_CLASS = YES_ERROR;
				CLANG_WARN_RANGE_LOOP_ANALYSIS = YES;
				CLANG_WARN_STRICT_PROTOTYPES = YES;
				CLANG_WARN_SUSPICIOUS_MOVE = YES;
				CLANG_WARN_UNGUARDED_AVAILABILITY = YES_AGGRESSIVE;
				CLANG_WARN_UNREACHABLE_CODE = YES;
				CLANG_WARN__DUPLICATE_METHOD_MATCH = YES;
				CODE_SIGN_IDENTITY = "iPhone Developer";
				COPY_PHASE_STRIP = NO;
				DEBUG_INFORMATION_FORMAT = "dwarf-with-dsym";
				ENABLE_NS_ASSERTIONS = NO;
				ENABLE_STRICT_OBJC_MSGSEND = YES;
				GCC_C_LANGUAGE_STANDARD = gnu11;
				GCC_NO_COMMON_BLOCKS = YES;
				GCC_WARN_64_TO_32_BIT_CONVERSION = YES;
				GCC_WARN_ABOUT_RETURN_TYPE = YES_ERROR;
				GCC_WARN_UNDECLARED_SELECTOR = YES;
				GCC_WARN_UNINITIALIZED_AUTOS = YES_AGGRESSIVE;
				GCC_WARN_UNUSED_FUNCTION = YES;
				GCC_WARN_UNUSED_VARIABLE = YES;
				IPHONEOS_DEPLOYMENT_TARGET = 11.0;
				MTL_ENABLE_DEBUG_INFO = NO;
				SDKROOT = iphoneos;
				SWIFT_OPTIMIZATION_LEVEL = "-Owholemodule";
				VALIDATE_PRODUCT = YES;
			};
			name = Release;
		};
		38BC56CB1F868DB7000DE15D /* Debug */ = {
			isa = XCBuildConfiguration;
			buildSettings = {
				ASSETCATALOG_COMPILER_APPICON_NAME = AppIcon;
				CODE_SIGN_STYLE = Automatic;
				INFOPLIST_FILE = "Survey v2/Info.plist";
				LD_RUNPATH_SEARCH_PATHS = "$(inherited) @executable_path/Frameworks";
				PRODUCT_BUNDLE_IDENTIFIER = "hicks.Survey-v2";
				PRODUCT_NAME = "$(TARGET_NAME)";
				SWIFT_VERSION = 4.0;
				TARGETED_DEVICE_FAMILY = "1,2";
			};
			name = Debug;
		};
		38BC56CC1F868DB7000DE15D /* Release */ = {
			isa = XCBuildConfiguration;
			buildSettings = {
				ASSETCATALOG_COMPILER_APPICON_NAME = AppIcon;
				CODE_SIGN_STYLE = Automatic;
				INFOPLIST_FILE = "Survey v2/Info.plist";
				LD_RUNPATH_SEARCH_PATHS = "$(inherited) @executable_path/Frameworks";
				PRODUCT_BUNDLE_IDENTIFIER = "hicks.Survey-v2";
				PRODUCT_NAME = "$(TARGET_NAME)";
				SWIFT_VERSION = 4.0;
				TARGETED_DEVICE_FAMILY = "1,2";
			};
			name = Release;
		};
/* End XCBuildConfiguration section */

/* Begin XCConfigurationList section */
		38BC56B31F868DB7000DE15D /* Build configuration list for PBXProject "Survey v2" */ = {
			isa = XCConfigurationList;
			buildConfigurations = (
				38BC56C81F868DB7000DE15D /* Debug */,
				38BC56C91F868DB7000DE15D /* Release */,
			);
			defaultConfigurationIsVisible = 0;
			defaultConfigurationName = Release;
		};
		38BC56CA1F868DB7000DE15D /* Build configuration list for PBXNativeTarget "Survey v2" */ = {
			isa = XCConfigurationList;
			buildConfigurations = (
				38BC56CB1F868DB7000DE15D /* Debug */,
				38BC56CC1F868DB7000DE15D /* Release */,
			);
			defaultConfigurationIsVisible = 0;
			defaultConfigurationName = Release;
		};
/* End XCConfigurationList section */
	};
	rootObject = 38BC56B01F868DB7000DE15D /* Project object */;
}
